
Microsoft Visual Studio Solution File, Format Version 12.00
# Visual Studio Version 16
VisualStudioVersion = 16.0.31729.503
MinimumVisualStudioVersion = 10.0.40219.1
Project("{FAE04EC0-301F-11D3-BF4B-00C04F79EFBC}") = "Copy-paste-app", "Copy-paste-app.csproj", "{49907842-B91A-401C-BBA1-735EE31478AB}"
EndProject
Global
	GlobalSection(SolutionConfigurationPlatforms) = preSolution
		Debug|Any CPU = Debug|Any CPU
		Release|Any CPU = Release|Any CPU
	EndGlobalSection
	GlobalSection(ProjectConfigurationPlatforms) = postSolution
		{49907842-B91A-401C-BBA1-735EE31478AB}.Debug|Any CPU.ActiveCfg = Debug|Any CPU
		{49907842-B91A-401C-BBA1-735EE31478AB}.Debug|Any CPU.Build.0 = Debug|Any CPU
		{49907842-B91A-401C-BBA1-735EE31478AB}.Release|Any CPU.ActiveCfg = Release|Any CPU
		{49907842-B91A-401C-BBA1-735EE31478AB}.Release|Any CPU.Build.0 = Release|Any CPU
	EndGlobalSection
	GlobalSection(SolutionProperties) = preSolution
		HideSolutionNode = FALSE
	EndGlobalSection
	GlobalSection(ExtensibilityGlobals) = postSolution
		SolutionGuid = {F5CEE0C0-5123-4E1D-8380-EBD562F6D29F}
	EndGlobalSection
EndGlobal
